{
  "name": "cmiyc",
  "version": "1.0.0",
  "lockfileVersion": 3,
  "requires": true,
  "packages": {
    "": {
      "name": "cmiyc",
      "version": "1.0.0",
      "license": "ISC",
      "dependencies": {
        "cmiyc": "^1.0.0"
      }
    },
    "node_modules/cmiyc": {
      "version": "1.0.0",
      "resolved": "https://registry.npmjs.org/cmiyc/-/cmiyc-1.0.0.tgz",
      "integrity": "sha512-h12/U25KpFhRdT4hBLVoiM9cm2X21oGv2pGDJBkq0K2L1sGY69in8sPkncnB0mrtQ77EnhtK6KK84mVvCrHngw=="
    }
  }
}
